{
  "lockfile-version": 1,
  "manifest": {
    "version": 1,
    "install": {
      "go_1_22": {
        "pkg-path": "go_1_22"
      },
      "python312": {
        "pkg-path": "python312"
      }
    },
    "vars": {},
    "hook": {},
    "profile": {},
    "options": {
      "systems": [
        "aarch64-darwin",
        "aarch64-linux",
        "x86_64-darwin",
        "x86_64-linux"
      ],
      "allow": {
        "licenses": []
      },
      "semver": {}
    }
  },
  "packages": [
    {
      "attr_path": "go_1_22",
      "broken": false,
      "derivation": "/nix/store/qjh0ikk8fbibyav8b3sj0hq8q5jil115-go-1.22.5.drv",
      "description": "Go Programming language",
      "install_id": "go_1_22",
      "license": "BSD-3-Clause",
      "locked_url": "https://github.com/flox/nixpkgs?rev=a58bc8ad779655e790115244571758e8de055e3d",
      "name": "go-1.22.5",
      "pname": "go_1_22",
      "rev": "a58bc8ad779655e790115244571758e8de055e3d",
      "rev_count": 665011,
      "rev_date": "2024-08-11T07:55:43Z",
      "scrape_date": "2024-08-14T02:08:40Z",
      "stabilities": [
        "unstable"
      ],
      "unfree": false,
      "version": "go-1.22.5",
      "outputs_to_install": [
        "out"
      ],
      "outputs": {
        "out": "/nix/store/wkzcrvihdh5fp8h01b699k71gy28zf4l-go-1.22.5"
      },
      "system": "aarch64-darwin",
      "group": "toplevel",
      "priority": 5
    },
    {
      "attr_path": "go_1_22",
      "broken": false,
      "derivation": "/nix/store/34dg42frf60c0pl843m96cy4rzvdcahp-go-1.22.5.drv",
      "description": "Go Programming language",
      "install_id": "go_1_22",
      "license": "BSD-3-Clause",
      "locked_url": "https://github.com/flox/nixpkgs?rev=a58bc8ad779655e790115244571758e8de055e3d",
      "name": "go-1.22.5",
      "pname": "go_1_22",
      "rev": "a58bc8ad779655e790115244571758e8de055e3d",
      "rev_count": 665011,
      "rev_date": "2024-08-11T07:55:43Z",
      "scrape_date": "2024-08-14T02:08:40Z",
      "stabilities": [
        "unstable"
      ],
      "unfree": false,
      "version": "go-1.22.5",
      "outputs_to_install": [
        "out"
      ],
      "outputs": {
        "out": "/nix/store/rhcaz092rn71knyhq760qy5sjsy52d22-go-1.22.5"
      },
      "system": "aarch64-linux",
      "group": "toplevel",
      "priority": 5
    },
    {
      "attr_path": "go_1_22",
      "broken": false,
      "derivation": "/nix/store/6cmd8rj05vil6d8a6dbhz050d8adpawc-go-1.22.5.drv",
      "description": "Go Programming language",
      "install_id": "go_1_22",
      "license": "BSD-3-Clause",
      "locked_url": "https://github.com/flox/nixpkgs?rev=a58bc8ad779655e790115244571758e8de055e3d",
      "name": "go-1.22.5",
      "pname": "go_1_22",
      "rev": "a58bc8ad779655e790115244571758e8de055e3d",
      "rev_count": 665011,
      "rev_date": "2024-08-11T07:55:43Z",
      "scrape_date": "2024-08-14T02:08:40Z",
      "stabilities": [
        "unstable"
      ],
      "unfree": false,
      "version": "go-1.22.5",
      "outputs_to_install": [
        "out"
      ],
      "outputs": {
        "out": "/nix/store/1m98wp6pzhn4zx7aj8010rh549sh1qql-go-1.22.5"
      },
      "system": "x86_64-darwin",
      "group": "toplevel",
      "priority": 5
    },
    {
      "attr_path": "go_1_22",
      "broken": false,
      "derivation": "/nix/store/fzpmnqymzz5acwpd3l7aw7fqczaf3wbg-go-1.22.5.drv",
      "description": "Go Programming language",
      "install_id": "go_1_22",
      "license": "BSD-3-Clause",
      "locked_url": "https://github.com/flox/nixpkgs?rev=a58bc8ad779655e790115244571758e8de055e3d",
      "name": "go-1.22.5",
      "pname": "go_1_22",
      "rev": "a58bc8ad779655e790115244571758e8de055e3d",
      "rev_count": 665011,
      "rev_date": "2024-08-11T07:55:43Z",
      "scrape_date": "2024-08-14T02:08:40Z",
      "stabilities": [
        "unstable"
      ],
      "unfree": false,
      "version": "go-1.22.5",
      "outputs_to_install": [
        "out"
      ],
      "outputs": {
        "out": "/nix/store/kqf4gwhq1yrchvmvqjh4adc4y9hxp9xk-go-1.22.5"
      },
      "system": "x86_64-linux",
      "group": "toplevel",
      "priority": 5
    },
    {
      "attr_path": "python312",
      "broken": false,
      "derivation": "/nix/store/mhc5h81w16fnibsw9qdy75dxq8aavw3a-python3-3.12.4.drv",
      "description": "High-level dynamically-typed programming language",
      "install_id": "python312",
      "license": "Python-2.0",
      "locked_url": "https://github.com/flox/nixpkgs?rev=a58bc8ad779655e790115244571758e8de055e3d",
      "name": "python3-3.12.4",
      "pname": "python312",
      "rev": "a58bc8ad779655e790115244571758e8de055e3d",
      "rev_count": 665011,
      "rev_date": "2024-08-11T07:55:43Z",
      "scrape_date": "2024-08-14T02:08:40Z",
      "stabilities": [
        "unstable"
      ],
      "unfree": false,
      "version": "python3-3.12.4",
      "outputs_to_install": [
        "out"
      ],
      "outputs": {
        "out": "/nix/store/1sgajx2r3bkriyxzwsahhva63p08pmac-python3-3.12.4"
      },
      "system": "aarch64-darwin",
      "group": "toplevel",
      "priority": 5
    },
    {
      "attr_path": "python312",
      "broken": false,
      "derivation": "/nix/store/psrcdr7glp1rxwd1586q75nhljpdbzby-python3-3.12.4.drv",
      "description": "High-level dynamically-typed programming language",
      "install_id": "python312",
      "license": "Python-2.0",
      "locked_url": "https://github.com/flox/nixpkgs?rev=a58bc8ad779655e790115244571758e8de055e3d",
      "name": "python3-3.12.4",
      "pname": "python312",
      "rev": "a58bc8ad779655e790115244571758e8de055e3d",
      "rev_count": 665011,
      "rev_date": "2024-08-11T07:55:43Z",
      "scrape_date": "2024-08-14T02:08:40Z",
      "stabilities": [
        "unstable"
      ],
      "unfree": false,
      "version": "python3-3.12.4",
      "outputs_to_install": [
        "out"
      ],
      "outputs": {
        "debug": "/nix/store/rshmxwibmxqvf94w3ld05yqnsijrmk4m-python3-3.12.4-debug",
        "out": "/nix/store/jms4z7lzzwnv6gv3y0795365haicmh8m-python3-3.12.4"
      },
      "system": "aarch64-linux",
      "group": "toplevel",
      "priority": 5
    },
    {
      "attr_path": "python312",
      "broken": false,
      "derivation": "/nix/store/bs2ygcjxw88nq9wakc1rzbxjjqiirknx-python3-3.12.4.drv",
      "description": "High-level dynamically-typed programming language",
      "install_id": "python312",
      "license": "Python-2.0",
      "locked_url": "https://github.com/flox/nixpkgs?rev=a58bc8ad779655e790115244571758e8de055e3d",
      "name": "python3-3.12.4",
      "pname": "python312",
      "rev": "a58bc8ad779655e790115244571758e8de055e3d",
      "rev_count": 665011,
      "rev_date": "2024-08-11T07:55:43Z",
      "scrape_date": "2024-08-14T02:08:40Z",
      "stabilities": [
        "unstable"
      ],
      "unfree": false,
      "version": "python3-3.12.4",
      "outputs_to_install": [
        "out"
      ],
      "outputs": {
        "out": "/nix/store/dh1i1387ibdzw0ala5rkl3s3ylf8i8pa-python3-3.12.4"
      },
      "system": "x86_64-darwin",
      "group": "toplevel",
      "priority": 5
    },
    {
      "attr_path": "python312",
      "broken": false,
      "derivation": "/nix/store/zakf7g0dmhlx4qbvv8h157d9d0k2r591-python3-3.12.4.drv",
      "description": "High-level dynamically-typed programming language",
      "install_id": "python312",
      "license": "Python-2.0",
      "locked_url": "https://github.com/flox/nixpkgs?rev=a58bc8ad779655e790115244571758e8de055e3d",
      "name": "python3-3.12.4",
      "pname": "python312",
      "rev": "a58bc8ad779655e790115244571758e8de055e3d",
      "rev_count": 665011,
      "rev_date": "2024-08-11T07:55:43Z",
      "scrape_date": "2024-08-14T02:08:40Z",
      "stabilities": [
        "unstable"
      ],
      "unfree": false,
      "version": "python3-3.12.4",
      "outputs_to_install": [
        "out"
      ],
      "outputs": {
        "debug": "/nix/store/myg0p2vf2cj2jsb663qswnygvgn54kbc-python3-3.12.4-debug",
        "out": "/nix/store/l014xp1qxdl6gim3zc0jv3mpxhbp346s-python3-3.12.4"
      },
      "system": "x86_64-linux",
      "group": "toplevel",
      "priority": 5
    }
  ]
}